// !$*UTF8*$!
{
	archiveVersion = 1;
	classes = {
	};
	objectVersion = 77;
	objects = {

/* Begin PBXBuildFile section */
		00CCB3C9EC4EF568C89F1E15 /* LibraryView.swift in Sources */ = {isa = PBXBuildFile; fileRef = B8CB6A8C8BE847F612F95699 /* LibraryView.swift */; };
		029DFFBB6A70763A48064350 /* RSSFeedParser.swift in Sources */ = {isa = PBXBuildFile; fileRef = E24483CC8707435EC6912901 /* RSSFeedParser.swift */; };
		07D5638371C4F282BED2F0B2 /* TranscriptParserTests.swift in Sources */ = {isa = PBXBuildFile; fileRef = 23FA5F027F92CA348778CADB /* TranscriptParserTests.swift */; };
		0EF858DBCF0C958D90B463D7 /* ModelSchema.swift in Sources */ = {isa = PBXBuildFile; fileRef = 4981733BFE82B20F4431CC7B /* ModelSchema.swift */; };
		134B411898C677C4F030743D /* ShowSettingsSheet.swift in Sources */ = {isa = PBXBuildFile; fileRef = 730CD80EB3C38D6C119F2570 /* ShowSettingsSheet.swift */; };
		1AF0D83674AD7053FD7645B7 /* ArtworkView.swift in Sources */ = {isa = PBXBuildFile; fileRef = E17DE2A261EF9700BB2D4FA5 /* ArtworkView.swift */; };
		1C9E9551E5DC0567C6748E0E /* SubscriptionService.swift in Sources */ = {isa = PBXBuildFile; fileRef = E5BB7141944B4292CB54376C /* SubscriptionService.swift */; };
		1E538B298E30CE4E89A8033C /* TranscriptService.swift in Sources */ = {isa = PBXBuildFile; fileRef = 154B53D75F0E31F37EEBAA9B /* TranscriptService.swift */; };
		1E685B05282CE25807E43C13 /* EpisodeListView.swift in Sources */ = {isa = PBXBuildFile; fileRef = 27845D9408FFD9F14078875D /* EpisodeListView.swift */; };
		1E8AB667ED8824B30B554CA9 /* feed_basic.xml in Resources */ = {isa = PBXBuildFile; fileRef = C5A676C4BB0A69A0343594E4 /* feed_basic.xml */; };
		27584798B97AA15CE864F386 /* BrutalStyle.swift in Sources */ = {isa = PBXBuildFile; fileRef = 7D11CA7EC934C9F4DA99381A /* BrutalStyle.swift */; };
		280C6D9DB18FE8750A416F70 /* TranscriptSearch.swift in Sources */ = {isa = PBXBuildFile; fileRef = 5096BC65F569A4F6CCCC7E34 /* TranscriptSearch.swift */; };
		28497CC078C08533CF32F0BD /* ActiveCue.swift in Sources */ = {isa = PBXBuildFile; fileRef = E805DE0D40D2B33E85D10F1F /* ActiveCue.swift */; };
		2BBF04B5CCE01017EF766B5B /* transcript_pc20.json in Resources */ = {isa = PBXBuildFile; fileRef = 93E1B51E3A6C164EC3CC2A61 /* transcript_pc20.json */; };
		2D85CAB8112CDEB1F8DA2C5E /* transcript.srt in Resources */ = {isa = PBXBuildFile; fileRef = 7D4A4C78D59DF948B8BD06A8 /* transcript.srt */; };
		30C1A58FEB8B7BF7EA77947D /* ChapterFetcher.swift in Sources */ = {isa = PBXBuildFile; fileRef = 73EDE887722F9B111D8D3594 /* ChapterFetcher.swift */; };
		3372A46B0B026B1B9D03CF76 /* DownloadedFile.swift in Sources */ = {isa = PBXBuildFile; fileRef = B17790937A7B431A19F327E1 /* DownloadedFile.swift */; };
		3905F44B0C6212DB3D4BFD95 /* DownloadState.swift in Sources */ = {isa = PBXBuildFile; fileRef = C1F9BB0E871FB11D09BC5367 /* DownloadState.swift */; };
		391593E2D7A4313CEBBC4D20 /* NowPlayingView.swift in Sources */ = {isa = PBXBuildFile; fileRef = 3EE2B49FBD5405DE238541D8 /* NowPlayingView.swift */; };
		398589EBC0C1BEA39A1F315D /* ChapterFetcherTests.swift in Sources */ = {isa = PBXBuildFile; fileRef = 5AC73D73042EFA6EC9C639B5 /* ChapterFetcherTests.swift */; };
		4E84B4456ABA3BD4CA4FAC24 /* QueueView.swift in Sources */ = {isa = PBXBuildFile; fileRef = 2958F56426F97414D9AFA575 /* QueueView.swift */; };
		50F2A63B66880427543240D1 /* PlaybackManager.swift in Sources */ = {isa = PBXBuildFile; fileRef = CE17DF4802CE3FAEFCCA9B2C /* PlaybackManager.swift */; };
		51051ACFD355B9FDDBC285ED /* DownloadManagerTests.swift in Sources */ = {isa = PBXBuildFile; fileRef = 01AA17CA2E65778F63487C7A /* DownloadManagerTests.swift */; };
		515A6963BCF14A81E0C28174 /* itunes_search.json in Resources */ = {isa = PBXBuildFile; fileRef = 34C33A334266DCF78E6FF739 /* itunes_search.json */; };
		5696B33BCF9054FA4C4AFA68 /* EpisodeRow.swift in Sources */ = {isa = PBXBuildFile; fileRef = C792A2C9B971CE0D7699E235 /* EpisodeRow.swift */; };
		5F9E4B1672A20B9E3081BDE5 /* PersistenceActor.swift in Sources */ = {isa = PBXBuildFile; fileRef = 77AF3DDF85B5AD296D700FB0 /* PersistenceActor.swift */; };
		6185652FB9787D113E01ECEF /* DownloadsStorageView.swift in Sources */ = {isa = PBXBuildFile; fileRef = F054A4C32FC6891BC6555A06 /* DownloadsStorageView.swift */; };
		652E023072D240017728BB95 /* ParsedCue.swift in Sources */ = {isa = PBXBuildFile; fileRef = 67CE2B1E3EF1BFC12BF71E97 /* ParsedCue.swift */; };
		67C5E5BABD29BF4D05855F20 /* SilenceDetector.swift in Sources */ = {isa = PBXBuildFile; fileRef = 038C26F4DBED21BB7B7008BE /* SilenceDetector.swift */; };
		6F663B2EBE40D001D9C4CD7A /* FeedRefreshServiceTests.swift in Sources */ = {isa = PBXBuildFile; fileRef = A438C9713DECE88526A93F4D /* FeedRefreshServiceTests.swift */; };
		704D55B56F96BA2997EBAA9C /* OndaApp.swift in Sources */ = {isa = PBXBuildFile; fileRef = 8C1426D72C602B5DCF50A4F7 /* OndaApp.swift */; };
		722AF450B80687A094B08684 /* DownloadManager.swift in Sources */ = {isa = PBXBuildFile; fileRef = B5E7D73117D054CD51D1A7E7 /* DownloadManager.swift */; };
		78C50A91BD56CB1F74763998 /* ShowCard.swift in Sources */ = {isa = PBXBuildFile; fileRef = 421075011CD9ACC11AC9E688 /* ShowCard.swift */; };
		79124B9489A4D77E1F6D7025 /* ITunesSearchClientBox.swift in Sources */ = {isa = PBXBuildFile; fileRef = D2CF0359FFD2A2518DFC0CFC /* ITunesSearchClientBox.swift */; };
		7A6EAA5D11DC0D5777865B37 /* ModelTests.swift in Sources */ = {isa = PBXBuildFile; fileRef = CB7D89A90138AEE75E6CA063 /* ModelTests.swift */; };
		7BEAC7BA90BBA4D79BF4E562 /* MiniPlayerView.swift in Sources */ = {isa = PBXBuildFile; fileRef = B8FDA8F4F5DB1001EA6AF8C7 /* MiniPlayerView.swift */; };
		7DDC912815DCEEC18A0AF8CF /* feed_messy.xml in Resources */ = {isa = PBXBuildFile; fileRef = 64BB3761E9D6DB90106AE150 /* feed_messy.xml */; };
		7F1D62A752FED725ABAA8DC3 /* BoostLevelTests.swift in Sources */ = {isa = PBXBuildFile; fileRef = F77D28C0C5F51D87AF2C93B1 /* BoostLevelTests.swift */; };
		8069B53EAE437591EAA39CB6 /* FeedFetching.swift in Sources */ = {isa = PBXBuildFile; fileRef = 3755FD31224D33A231E6B9D4 /* FeedFetching.swift */; };
		80B349B3C8D9F8D4B1EB2735 /* Episode.swift in Sources */ = {isa = PBXBuildFile; fileRef = 325070FC3907EFEC82D6435F /* Episode.swift */; };
		823EE68AB440D457D02413F5 /* transcript.vtt in Resources */ = {isa = PBXBuildFile; fileRef = 7B9EF093482D7A3CB1420F55 /* transcript.vtt */; };
		83FD313D2C17026BAE890110 /* AudioTranscribing.swift in Sources */ = {isa = PBXBuildFile; fileRef = 0D8FD0B68F0BA4837E28DBCD /* AudioTranscribing.swift */; };
		8F4AD92E7C308E36054E4466 /* SilenceDetectorTests.swift in Sources */ = {isa = PBXBuildFile; fileRef = F75263D3463872DF06D72219 /* SilenceDetectorTests.swift */; };
		944A32C1C59CBBF030DF1EA6 /* DownloadStateTests.swift in Sources */ = {isa = PBXBuildFile; fileRef = 706BE42C701B0693B6E11502 /* DownloadStateTests.swift */; };
		9518DC32144DA86BF1115FCF /* SubscriptionServiceTests.swift in Sources */ = {isa = PBXBuildFile; fileRef = 469CC05685CD4AF03D586364 /* SubscriptionServiceTests.swift */; };
		9564DB2BBF45807965A37B62 /* RootView.swift in Sources */ = {isa = PBXBuildFile; fileRef = 0D98EBBD5A1C251BF9D3E293 /* RootView.swift */; };
		9593E05ACDBDF1828267053F /* QueueItem.swift in Sources */ = {isa = PBXBuildFile; fileRef = A9E0512972681EB4C4F71DA9 /* QueueItem.swift */; };
		9984B175F6497AFC38E0BF2F /* Palette.swift in Sources */ = {isa = PBXBuildFile; fileRef = C56597246CCC6EC9FC34A3C6 /* Palette.swift */; };
		99DBAB55F788DBE13FE89810 /* Podcast.swift in Sources */ = {isa = PBXBuildFile; fileRef = FCF6C8AE0E3030E7AE86BC20 /* Podcast.swift */; };
		9C5DAB9D2100554F4F0465D8 /* SleepTimerMenu.swift in Sources */ = {isa = PBXBuildFile; fileRef = FB1B8CC9352D4C349C29E8D2 /* SleepTimerMenu.swift */; };
		A5094C87A231F37D330E5BE4 /* chapters.json in Resources */ = {isa = PBXBuildFile; fileRef = E60E9938DD85518ACBD94F9F /* chapters.json */; };
		A7BCE3FD3DFB5A83D604DA82 /* ThemeTests.swift in Sources */ = {isa = PBXBuildFile; fileRef = F26BA9D1CEE05EAA5CDF381C /* ThemeTests.swift */; };
		A88A2927E10B55F59D1EBE1A /* AudioTap.swift in Sources */ = {isa = PBXBuildFile; fileRef = 2E6E8386DBE4C5817B5ABEF2 /* AudioTap.swift */; };
		AC8BFE08CC7BB14BB4BCEF06 /* PlayerEngine.swift in Sources */ = {isa = PBXBuildFile; fileRef = 2DEF527AF76929ACA91A63D7 /* PlayerEngine.swift */; };
		AF097E07975F74F4EA8226D5 /* ProfileView.swift in Sources */ = {isa = PBXBuildFile; fileRef = 20505A324537A29B2E603405 /* ProfileView.swift */; };
		AFCEA49459314178CF2BD336 /* Theme.swift in Sources */ = {isa = PBXBuildFile; fileRef = 3D08E840362422D0CB05A96C /* Theme.swift */; };
		B76FE3AFC6105791CB1F8EE7 /* AdWindowTests.swift in Sources */ = {isa = PBXBuildFile; fileRef = FB76E9F921E83B4F3D008312 /* AdWindowTests.swift */; };
		B8A8966E10D6A300EDCD78B3 /* RSSFeedParserTests.swift in Sources */ = {isa = PBXBuildFile; fileRef = A314E30235A9437DD24EB94A /* RSSFeedParserTests.swift */; };
		BA5A213ABE3A407DB6C4B4E8 /* ITunesSearchClient.swift in Sources */ = {isa = PBXBuildFile; fileRef = 5E11F07C519566716B0038C8 /* ITunesSearchClient.swift */; };
		BA80B4F0B1027B8ED127FFBB /* TranscriptSearchTests.swift in Sources */ = {isa = PBXBuildFile; fileRef = 88DE1D860B7C28D399461926 /* TranscriptSearchTests.swift */; };
		BDDE61D7C5F26A0326671EE6 /* BoostLevel.swift in Sources */ = {isa = PBXBuildFile; fileRef = DAEF393589BFDADE7CF562DE /* BoostLevel.swift */; };
		BEFEE44A6A7727F4F9C86D5E /* DiscoverView.swift in Sources */ = {isa = PBXBuildFile; fileRef = CBEC28D305C0AF9EB03669B1 /* DiscoverView.swift */; };
		C4C5120BA3D15BB3B79D6421 /* ShowSettings.swift in Sources */ = {isa = PBXBuildFile; fileRef = F60CC9C8832A8B37941AC88D /* ShowSettings.swift */; };
		C5B9BB30AD005353CA028293 /* TranscriptParser.swift in Sources */ = {isa = PBXBuildFile; fileRef = 9F6F98C7130323D95553ABFA /* TranscriptParser.swift */; };
		C72934F09B99AF20E74BB6F6 /* ITunesSearchClientTests.swift in Sources */ = {isa = PBXBuildFile; fileRef = AB38DA8A4E82A891E4D93ACD /* ITunesSearchClientTests.swift */; };
		C8862665D462667A35E17445 /* NowPlayingCenter.swift in Sources */ = {isa = PBXBuildFile; fileRef = CB81669B0B7A51F6D9136B0E /* NowPlayingCenter.swift */; };
		C8B4B77568FBA30D2A026F1C /* FeedRefreshService.swift in Sources */ = {isa = PBXBuildFile; fileRef = C1609FCC4157FDBE3595D980 /* FeedRefreshService.swift */; };
		CB8C8558D840BEEF8924E26C /* ActiveCueTests.swift in Sources */ = {isa = PBXBuildFile; fileRef = 4F66A85825297F08BFE4CB57 /* ActiveCueTests.swift */; };
		DEA8723A9918A53DD241B8DE /* TranscriptServiceTests.swift in Sources */ = {isa = PBXBuildFile; fileRef = 097BB2EF5DA616773F62F1C3 /* TranscriptServiceTests.swift */; };
		E10FE48367E1073EB58FC0D9 /* Chapter.swift in Sources */ = {isa = PBXBuildFile; fileRef = B66F7F8374B5A6DA938F1481 /* Chapter.swift */; };
		EBF3D546A8A34C903BA08430 /* TrendingRow.swift in Sources */ = {isa = PBXBuildFile; fileRef = 724742E0E1635727F2999811 /* TrendingRow.swift */; };
		F339BE46425621A1A28C19E7 /* AdWindow.swift in Sources */ = {isa = PBXBuildFile; fileRef = 1167AF2050B72699C1A53695 /* AdWindow.swift */; };
		F8112CCD4BFC192E00FC7B69 /* SegmentedRow.swift in Sources */ = {isa = PBXBuildFile; fileRef = B81E6C698734C534FA80E44B /* SegmentedRow.swift */; };
		F8BF36096CD22B461C04864C /* Transcript.swift in Sources */ = {isa = PBXBuildFile; fileRef = CD9F3DA6972693D50DE7CDD1 /* Transcript.swift */; };
		FE6348117ECF5D6A5DC58060 /* PlaybackManagerTests.swift in Sources */ = {isa = PBXBuildFile; fileRef = A2AC269F8B3F5991E1C14136 /* PlaybackManagerTests.swift */; };
/* End PBXBuildFile section */

/* Begin PBXContainerItemProxy section */
		EAFA81C4FB27498B32384075 /* PBXContainerItemProxy */ = {
			isa = PBXContainerItemProxy;
			containerPortal = 86139A9B98638067083C045F /* Project object */;
			proxyType = 1;
			remoteGlobalIDString = EF10DE9A791D5F09D76BB40D;
			remoteInfo = Onda;
		};
/* End PBXContainerItemProxy section */

/* Begin PBXFileReference section */
		01AA17CA2E65778F63487C7A /* DownloadManagerTests.swift */ = {isa = PBXFileReference; lastKnownFileType = sourcecode.swift; path = DownloadManagerTests.swift; sourceTree = "<group>"; };
		038C26F4DBED21BB7B7008BE /* SilenceDetector.swift */ = {isa = PBXFileReference; lastKnownFileType = sourcecode.swift; path = SilenceDetector.swift; sourceTree = "<group>"; };
		097BB2EF5DA616773F62F1C3 /* TranscriptServiceTests.swift */ = {isa = PBXFileReference; lastKnownFileType = sourcecode.swift; path = TranscriptServiceTests.swift; sourceTree = "<group>"; };
		0D8FD0B68F0BA4837E28DBCD /* AudioTranscribing.swift */ = {isa = PBXFileReference; lastKnownFileType = sourcecode.swift; path = AudioTranscribing.swift; sourceTree = "<group>"; };
		0D98EBBD5A1C251BF9D3E293 /* RootView.swift */ = {isa = PBXFileReference; lastKnownFileType = sourcecode.swift; path = RootView.swift; sourceTree = "<group>"; };
		1167AF2050B72699C1A53695 /* AdWindow.swift */ = {isa = PBXFileReference; lastKnownFileType = sourcecode.swift; path = AdWindow.swift; sourceTree = "<group>"; };
		154B53D75F0E31F37EEBAA9B /* TranscriptService.swift */ = {isa = PBXFileReference; lastKnownFileType = sourcecode.swift; path = TranscriptService.swift; sourceTree = "<group>"; };
		20505A324537A29B2E603405 /* ProfileView.swift */ = {isa = PBXFileReference; lastKnownFileType = sourcecode.swift; path = ProfileView.swift; sourceTree = "<group>"; };
		23FA5F027F92CA348778CADB /* TranscriptParserTests.swift */ = {isa = PBXFileReference; lastKnownFileType = sourcecode.swift; path = TranscriptParserTests.swift; sourceTree = "<group>"; };
		27845D9408FFD9F14078875D /* EpisodeListView.swift */ = {isa = PBXFileReference; lastKnownFileType = sourcecode.swift; path = EpisodeListView.swift; sourceTree = "<group>"; };
		2958F56426F97414D9AFA575 /* QueueView.swift */ = {isa = PBXFileReference; lastKnownFileType = sourcecode.swift; path = QueueView.swift; sourceTree = "<group>"; };
		2DEF527AF76929ACA91A63D7 /* PlayerEngine.swift */ = {isa = PBXFileReference; lastKnownFileType = sourcecode.swift; path = PlayerEngine.swift; sourceTree = "<group>"; };
		2E6E8386DBE4C5817B5ABEF2 /* AudioTap.swift */ = {isa = PBXFileReference; lastKnownFileType = sourcecode.swift; path = AudioTap.swift; sourceTree = "<group>"; };
		325070FC3907EFEC82D6435F /* Episode.swift */ = {isa = PBXFileReference; lastKnownFileType = sourcecode.swift; path = Episode.swift; sourceTree = "<group>"; };
		34C33A334266DCF78E6FF739 /* itunes_search.json */ = {isa = PBXFileReference; lastKnownFileType = text.json; path = itunes_search.json; sourceTree = "<group>"; };
		3755FD31224D33A231E6B9D4 /* FeedFetching.swift */ = {isa = PBXFileReference; lastKnownFileType = sourcecode.swift; path = FeedFetching.swift; sourceTree = "<group>"; };
		3918C3B972CAA4CCA5678FFE /* Onda.app */ = {isa = PBXFileReference; includeInIndex = 0; lastKnownFileType = wrapper.application; path = Onda.app; sourceTree = BUILT_PRODUCTS_DIR; };
		3D08E840362422D0CB05A96C /* Theme.swift */ = {isa = PBXFileReference; lastKnownFileType = sourcecode.swift; path = Theme.swift; sourceTree = "<group>"; };
		3EE2B49FBD5405DE238541D8 /* NowPlayingView.swift */ = {isa = PBXFileReference; lastKnownFileType = sourcecode.swift; path = NowPlayingView.swift; sourceTree = "<group>"; };
		421075011CD9ACC11AC9E688 /* ShowCard.swift */ = {isa = PBXFileReference; lastKnownFileType = sourcecode.swift; path = ShowCard.swift; sourceTree = "<group>"; };
		469CC05685CD4AF03D586364 /* SubscriptionServiceTests.swift */ = {isa = PBXFileReference; lastKnownFileType = sourcecode.swift; path = SubscriptionServiceTests.swift; sourceTree = "<group>"; };
		4981733BFE82B20F4431CC7B /* ModelSchema.swift */ = {isa = PBXFileReference; lastKnownFileType = sourcecode.swift; path = ModelSchema.swift; sourceTree = "<group>"; };
		4F66A85825297F08BFE4CB57 /* ActiveCueTests.swift */ = {isa = PBXFileReference; lastKnownFileType = sourcecode.swift; path = ActiveCueTests.swift; sourceTree = "<group>"; };
		5096BC65F569A4F6CCCC7E34 /* TranscriptSearch.swift */ = {isa = PBXFileReference; lastKnownFileType = sourcecode.swift; path = TranscriptSearch.swift; sourceTree = "<group>"; };
		5AC73D73042EFA6EC9C639B5 /* ChapterFetcherTests.swift */ = {isa = PBXFileReference; lastKnownFileType = sourcecode.swift; path = ChapterFetcherTests.swift; sourceTree = "<group>"; };
		5E11F07C519566716B0038C8 /* ITunesSearchClient.swift */ = {isa = PBXFileReference; lastKnownFileType = sourcecode.swift; path = ITunesSearchClient.swift; sourceTree = "<group>"; };
		64BB3761E9D6DB90106AE150 /* feed_messy.xml */ = {isa = PBXFileReference; lastKnownFileType = text.xml; path = feed_messy.xml; sourceTree = "<group>"; };
		67CE2B1E3EF1BFC12BF71E97 /* ParsedCue.swift */ = {isa = PBXFileReference; lastKnownFileType = sourcecode.swift; path = ParsedCue.swift; sourceTree = "<group>"; };
		706BE42C701B0693B6E11502 /* DownloadStateTests.swift */ = {isa = PBXFileReference; lastKnownFileType = sourcecode.swift; path = DownloadStateTests.swift; sourceTree = "<group>"; };
		724742E0E1635727F2999811 /* TrendingRow.swift */ = {isa = PBXFileReference; lastKnownFileType = sourcecode.swift; path = TrendingRow.swift; sourceTree = "<group>"; };
		730CD80EB3C38D6C119F2570 /* ShowSettingsSheet.swift */ = {isa = PBXFileReference; lastKnownFileType = sourcecode.swift; path = ShowSettingsSheet.swift; sourceTree = "<group>"; };
		73EDE887722F9B111D8D3594 /* ChapterFetcher.swift */ = {isa = PBXFileReference; lastKnownFileType = sourcecode.swift; path = ChapterFetcher.swift; sourceTree = "<group>"; };
		77AF3DDF85B5AD296D700FB0 /* PersistenceActor.swift */ = {isa = PBXFileReference; lastKnownFileType = sourcecode.swift; path = PersistenceActor.swift; sourceTree = "<group>"; };
		7B9EF093482D7A3CB1420F55 /* transcript.vtt */ = {isa = PBXFileReference; path = transcript.vtt; sourceTree = "<group>"; };
		7D11CA7EC934C9F4DA99381A /* BrutalStyle.swift */ = {isa = PBXFileReference; lastKnownFileType = sourcecode.swift; path = BrutalStyle.swift; sourceTree = "<group>"; };
		7D4A4C78D59DF948B8BD06A8 /* transcript.srt */ = {isa = PBXFileReference; path = transcript.srt; sourceTree = "<group>"; };
		88DE1D860B7C28D399461926 /* TranscriptSearchTests.swift */ = {isa = PBXFileReference; lastKnownFileType = sourcecode.swift; path = TranscriptSearchTests.swift; sourceTree = "<group>"; };
		8C1426D72C602B5DCF50A4F7 /* OndaApp.swift */ = {isa = PBXFileReference; lastKnownFileType = sourcecode.swift; path = OndaApp.swift; sourceTree = "<group>"; };
		93E1B51E3A6C164EC3CC2A61 /* transcript_pc20.json */ = {isa = PBXFileReference; lastKnownFileType = text.json; path = transcript_pc20.json; sourceTree = "<group>"; };
		9F6F98C7130323D95553ABFA /* TranscriptParser.swift */ = {isa = PBXFileReference; lastKnownFileType = sourcecode.swift; path = TranscriptParser.swift; sourceTree = "<group>"; };
		A2AC269F8B3F5991E1C14136 /* PlaybackManagerTests.swift */ = {isa = PBXFileReference; lastKnownFileType = sourcecode.swift; path = PlaybackManagerTests.swift; sourceTree = "<group>"; };
		A314E30235A9437DD24EB94A /* RSSFeedParserTests.swift */ = {isa = PBXFileReference; lastKnownFileType = sourcecode.swift; path = RSSFeedParserTests.swift; sourceTree = "<group>"; };
		A438C9713DECE88526A93F4D /* FeedRefreshServiceTests.swift */ = {isa = PBXFileReference; lastKnownFileType = sourcecode.swift; path = FeedRefreshServiceTests.swift; sourceTree = "<group>"; };
		A9E0512972681EB4C4F71DA9 /* QueueItem.swift */ = {isa = PBXFileReference; lastKnownFileType = sourcecode.swift; path = QueueItem.swift; sourceTree = "<group>"; };
		AB38DA8A4E82A891E4D93ACD /* ITunesSearchClientTests.swift */ = {isa = PBXFileReference; lastKnownFileType = sourcecode.swift; path = ITunesSearchClientTests.swift; sourceTree = "<group>"; };
		B17790937A7B431A19F327E1 /* DownloadedFile.swift */ = {isa = PBXFileReference; lastKnownFileType = sourcecode.swift; path = DownloadedFile.swift; sourceTree = "<group>"; };
		B5E7D73117D054CD51D1A7E7 /* DownloadManager.swift */ = {isa = PBXFileReference; lastKnownFileType = sourcecode.swift; path = DownloadManager.swift; sourceTree = "<group>"; };
		B66F7F8374B5A6DA938F1481 /* Chapter.swift */ = {isa = PBXFileReference; lastKnownFileType = sourcecode.swift; path = Chapter.swift; sourceTree = "<group>"; };
		B81E6C698734C534FA80E44B /* SegmentedRow.swift */ = {isa = PBXFileReference; lastKnownFileType = sourcecode.swift; path = SegmentedRow.swift; sourceTree = "<group>"; };
		B8CB6A8C8BE847F612F95699 /* LibraryView.swift */ = {isa = PBXFileReference; lastKnownFileType = sourcecode.swift; path = LibraryView.swift; sourceTree = "<group>"; };
		B8FDA8F4F5DB1001EA6AF8C7 /* MiniPlayerView.swift */ = {isa = PBXFileReference; lastKnownFileType = sourcecode.swift; path = MiniPlayerView.swift; sourceTree = "<group>"; };
		C1609FCC4157FDBE3595D980 /* FeedRefreshService.swift */ = {isa = PBXFileReference; lastKnownFileType = sourcecode.swift; path = FeedRefreshService.swift; sourceTree = "<group>"; };
		C1F9BB0E871FB11D09BC5367 /* DownloadState.swift */ = {isa = PBXFileReference; lastKnownFileType = sourcecode.swift; path = DownloadState.swift; sourceTree = "<group>"; };
		C56597246CCC6EC9FC34A3C6 /* Palette.swift */ = {isa = PBXFileReference; lastKnownFileType = sourcecode.swift; path = Palette.swift; sourceTree = "<group>"; };
		C5A676C4BB0A69A0343594E4 /* feed_basic.xml */ = {isa = PBXFileReference; lastKnownFileType = text.xml; path = feed_basic.xml; sourceTree = "<group>"; };
		C792A2C9B971CE0D7699E235 /* EpisodeRow.swift */ = {isa = PBXFileReference; lastKnownFileType = sourcecode.swift; path = EpisodeRow.swift; sourceTree = "<group>"; };
		CB7D89A90138AEE75E6CA063 /* ModelTests.swift */ = {isa = PBXFileReference; lastKnownFileType = sourcecode.swift; path = ModelTests.swift; sourceTree = "<group>"; };
		CB81669B0B7A51F6D9136B0E /* NowPlayingCenter.swift */ = {isa = PBXFileReference; lastKnownFileType = sourcecode.swift; path = NowPlayingCenter.swift; sourceTree = "<group>"; };
		CBEC28D305C0AF9EB03669B1 /* DiscoverView.swift */ = {isa = PBXFileReference; lastKnownFileType = sourcecode.swift; path = DiscoverView.swift; sourceTree = "<group>"; };
		CCED420BAEC9D54A817C10D7 /* OndaTests.xctest */ = {isa = PBXFileReference; includeInIndex = 0; lastKnownFileType = wrapper.cfbundle; path = OndaTests.xctest; sourceTree = BUILT_PRODUCTS_DIR; };
		CD9F3DA6972693D50DE7CDD1 /* Transcript.swift */ = {isa = PBXFileReference; lastKnownFileType = sourcecode.swift; path = Transcript.swift; sourceTree = "<group>"; };
		CE17DF4802CE3FAEFCCA9B2C /* PlaybackManager.swift */ = {isa = PBXFileReference; lastKnownFileType = sourcecode.swift; path = PlaybackManager.swift; sourceTree = "<group>"; };
		D2CF0359FFD2A2518DFC0CFC /* ITunesSearchClientBox.swift */ = {isa = PBXFileReference; lastKnownFileType = sourcecode.swift; path = ITunesSearchClientBox.swift; sourceTree = "<group>"; };
		DAEF393589BFDADE7CF562DE /* BoostLevel.swift */ = {isa = PBXFileReference; lastKnownFileType = sourcecode.swift; path = BoostLevel.swift; sourceTree = "<group>"; };
		E17DE2A261EF9700BB2D4FA5 /* ArtworkView.swift */ = {isa = PBXFileReference; lastKnownFileType = sourcecode.swift; path = ArtworkView.swift; sourceTree = "<group>"; };
		E24483CC8707435EC6912901 /* RSSFeedParser.swift */ = {isa = PBXFileReference; lastKnownFileType = sourcecode.swift; path = RSSFeedParser.swift; sourceTree = "<group>"; };
		E5BB7141944B4292CB54376C /* SubscriptionService.swift */ = {isa = PBXFileReference; lastKnownFileType = sourcecode.swift; path = SubscriptionService.swift; sourceTree = "<group>"; };
		E60E9938DD85518ACBD94F9F /* chapters.json */ = {isa = PBXFileReference; lastKnownFileType = text.json; path = chapters.json; sourceTree = "<group>"; };
		E805DE0D40D2B33E85D10F1F /* ActiveCue.swift */ = {isa = PBXFileReference; lastKnownFileType = sourcecode.swift; path = ActiveCue.swift; sourceTree = "<group>"; };
		F054A4C32FC6891BC6555A06 /* DownloadsStorageView.swift */ = {isa = PBXFileReference; lastKnownFileType = sourcecode.swift; path = DownloadsStorageView.swift; sourceTree = "<group>"; };
		F26BA9D1CEE05EAA5CDF381C /* ThemeTests.swift */ = {isa = PBXFileReference; lastKnownFileType = sourcecode.swift; path = ThemeTests.swift; sourceTree = "<group>"; };
		F60CC9C8832A8B37941AC88D /* ShowSettings.swift */ = {isa = PBXFileReference; lastKnownFileType = sourcecode.swift; path = ShowSettings.swift; sourceTree = "<group>"; };
		F75263D3463872DF06D72219 /* SilenceDetectorTests.swift */ = {isa = PBXFileReference; lastKnownFileType = sourcecode.swift; path = SilenceDetectorTests.swift; sourceTree = "<group>"; };
		F77D28C0C5F51D87AF2C93B1 /* BoostLevelTests.swift */ = {isa = PBXFileReference; lastKnownFileType = sourcecode.swift; path = BoostLevelTests.swift; sourceTree = "<group>"; };
		FB1B8CC9352D4C349C29E8D2 /* SleepTimerMenu.swift */ = {isa = PBXFileReference; lastKnownFileType = sourcecode.swift; path = SleepTimerMenu.swift; sourceTree = "<group>"; };
		FB76E9F921E83B4F3D008312 /* AdWindowTests.swift */ = {isa = PBXFileReference; lastKnownFileType = sourcecode.swift; path = AdWindowTests.swift; sourceTree = "<group>"; };
		FCF6C8AE0E3030E7AE86BC20 /* Podcast.swift */ = {isa = PBXFileReference; lastKnownFileType = sourcecode.swift; path = Podcast.swift; sourceTree = "<group>"; };
/* End PBXFileReference section */

/* Begin PBXGroup section */
		01B612EA751E2AAE112F201A /* Services */ = {
			isa = PBXGroup;
			children = (
				C1609FCC4157FDBE3595D980 /* FeedRefreshService.swift */,
				E5BB7141944B4292CB54376C /* SubscriptionService.swift */,
			);
			path = Services;
			sourceTree = "<group>";
		};
		2705F83343DA371F974C450D /* Models */ = {
			isa = PBXGroup;
			children = (
				B66F7F8374B5A6DA938F1481 /* Chapter.swift */,
				B17790937A7B431A19F327E1 /* DownloadedFile.swift */,
				325070FC3907EFEC82D6435F /* Episode.swift */,
				4981733BFE82B20F4431CC7B /* ModelSchema.swift */,
				FCF6C8AE0E3030E7AE86BC20 /* Podcast.swift */,
				A9E0512972681EB4C4F71DA9 /* QueueItem.swift */,
				F60CC9C8832A8B37941AC88D /* ShowSettings.swift */,
				CD9F3DA6972693D50DE7CDD1 /* Transcript.swift */,
			);
			path = Models;
			sourceTree = "<group>";
		};
		2FA220E68F12A828B8DD312E /* Downloads */ = {
			isa = PBXGroup;
			children = (
				B5E7D73117D054CD51D1A7E7 /* DownloadManager.swift */,
				C1F9BB0E871FB11D09BC5367 /* DownloadState.swift */,
				77AF3DDF85B5AD296D700FB0 /* PersistenceActor.swift */,
			);
			path = Downloads;
			sourceTree = "<group>";
		};
		3E2A49E887504F602D626288 /* Fixtures */ = {
			isa = PBXGroup;
			children = (
				E60E9938DD85518ACBD94F9F /* chapters.json */,
				C5A676C4BB0A69A0343594E4 /* feed_basic.xml */,
				64BB3761E9D6DB90106AE150 /* feed_messy.xml */,
				34C33A334266DCF78E6FF739 /* itunes_search.json */,
				93E1B51E3A6C164EC3CC2A61 /* transcript_pc20.json */,
				7D4A4C78D59DF948B8BD06A8 /* transcript.srt */,
				7B9EF093482D7A3CB1420F55 /* transcript.vtt */,
			);
			path = Fixtures;
			sourceTree = "<group>";
		};
		43CFA085C1ECB4B30C71433F /* Playback */ = {
			isa = PBXGroup;
			children = (
				1167AF2050B72699C1A53695 /* AdWindow.swift */,
				2E6E8386DBE4C5817B5ABEF2 /* AudioTap.swift */,
				DAEF393589BFDADE7CF562DE /* BoostLevel.swift */,
				73EDE887722F9B111D8D3594 /* ChapterFetcher.swift */,
				CB81669B0B7A51F6D9136B0E /* NowPlayingCenter.swift */,
				CE17DF4802CE3FAEFCCA9B2C /* PlaybackManager.swift */,
				2DEF527AF76929ACA91A63D7 /* PlayerEngine.swift */,
				038C26F4DBED21BB7B7008BE /* SilenceDetector.swift */,
			);
			path = Playback;
			sourceTree = "<group>";
		};
		47FB79BAA6264D3708582688 /* Discover */ = {
			isa = PBXGroup;
			children = (
				E17DE2A261EF9700BB2D4FA5 /* ArtworkView.swift */,
				724742E0E1635727F2999811 /* TrendingRow.swift */,
			);
			path = Discover;
			sourceTree = "<group>";
		};
		62AF7A424789E5EA5209D893 /* Shell */ = {
			isa = PBXGroup;
			children = (
				CBEC28D305C0AF9EB03669B1 /* DiscoverView.swift */,
				B8CB6A8C8BE847F612F95699 /* LibraryView.swift */,
				20505A324537A29B2E603405 /* ProfileView.swift */,
				0D98EBBD5A1C251BF9D3E293 /* RootView.swift */,
			);
			path = Shell;
			sourceTree = "<group>";
		};
		6CF24D10569B0E23B6AF4F3D /* Settings */ = {
			isa = PBXGroup;
			children = (
				B81E6C698734C534FA80E44B /* SegmentedRow.swift */,
				730CD80EB3C38D6C119F2570 /* ShowSettingsSheet.swift */,
			);
			path = Settings;
			sourceTree = "<group>";
		};
		7B804F243213C425C1A4BB99 /* Transcription */ = {
			isa = PBXGroup;
			children = (
				E805DE0D40D2B33E85D10F1F /* ActiveCue.swift */,
				0D8FD0B68F0BA4837E28DBCD /* AudioTranscribing.swift */,
				67CE2B1E3EF1BFC12BF71E97 /* ParsedCue.swift */,
				9F6F98C7130323D95553ABFA /* TranscriptParser.swift */,
				5096BC65F569A4F6CCCC7E34 /* TranscriptSearch.swift */,
				154B53D75F0E31F37EEBAA9B /* TranscriptService.swift */,
			);
			path = Transcription;
			sourceTree = "<group>";
		};
		7E4EBD7CFB18BD670F9EE70C /* Networking */ = {
			isa = PBXGroup;
			children = (
				3755FD31224D33A231E6B9D4 /* FeedFetching.swift */,
				5E11F07C519566716B0038C8 /* ITunesSearchClient.swift */,
				D2CF0359FFD2A2518DFC0CFC /* ITunesSearchClientBox.swift */,
				E24483CC8707435EC6912901 /* RSSFeedParser.swift */,
			);
			path = Networking;
			sourceTree = "<group>";
		};
		86251BCA2304D2F53939E486 /* Player */ = {
			isa = PBXGroup;
			children = (
				B8FDA8F4F5DB1001EA6AF8C7 /* MiniPlayerView.swift */,
				3EE2B49FBD5405DE238541D8 /* NowPlayingView.swift */,
				2958F56426F97414D9AFA575 /* QueueView.swift */,
				FB1B8CC9352D4C349C29E8D2 /* SleepTimerMenu.swift */,
			);
			path = Player;
			sourceTree = "<group>";
		};
		8EBBCC9AE005459A6DF9DBBF /* Library */ = {
			isa = PBXGroup;
			children = (
				27845D9408FFD9F14078875D /* EpisodeListView.swift */,
				C792A2C9B971CE0D7699E235 /* EpisodeRow.swift */,
				421075011CD9ACC11AC9E688 /* ShowCard.swift */,
			);
			path = Library;
			sourceTree = "<group>";
		};
		988A7D34044E561B7D210A13 = {
			isa = PBXGroup;
			children = (
				E1A4F456370C300061ABA755 /* Onda */,
				F6DE9B703BCC4E04F8CB016B /* OndaTests */,
				A03170A6E38D8372CEDADE8F /* Products */,
			);
			sourceTree = "<group>";
		};
		A03170A6E38D8372CEDADE8F /* Products */ = {
			isa = PBXGroup;
			children = (
				3918C3B972CAA4CCA5678FFE /* Onda.app */,
				CCED420BAEC9D54A817C10D7 /* OndaTests.xctest */,
			);
			name = Products;
			sourceTree = "<group>";
		};
		E1A4F456370C300061ABA755 /* Onda */ = {
			isa = PBXGroup;
			children = (
				8C1426D72C602B5DCF50A4F7 /* OndaApp.swift */,
				47FB79BAA6264D3708582688 /* Discover */,
				2FA220E68F12A828B8DD312E /* Downloads */,
				8EBBCC9AE005459A6DF9DBBF /* Library */,
				2705F83343DA371F974C450D /* Models */,
				7E4EBD7CFB18BD670F9EE70C /* Networking */,
				43CFA085C1ECB4B30C71433F /* Playback */,
				86251BCA2304D2F53939E486 /* Player */,
				E3886E559BD26D1880EC1EA7 /* Profile */,
				01B612EA751E2AAE112F201A /* Services */,
				6CF24D10569B0E23B6AF4F3D /* Settings */,
				62AF7A424789E5EA5209D893 /* Shell */,
				F1C5650808D1EAF4F1F0F936 /* Theme */,
				7B804F243213C425C1A4BB99 /* Transcription */,
			);
			path = Onda;
			sourceTree = "<group>";
		};
		E3886E559BD26D1880EC1EA7 /* Profile */ = {
			isa = PBXGroup;
			children = (
				F054A4C32FC6891BC6555A06 /* DownloadsStorageView.swift */,
			);
			path = Profile;
			sourceTree = "<group>";
		};
		F1C5650808D1EAF4F1F0F936 /* Theme */ = {
			isa = PBXGroup;
			children = (
				7D11CA7EC934C9F4DA99381A /* BrutalStyle.swift */,
				C56597246CCC6EC9FC34A3C6 /* Palette.swift */,
				3D08E840362422D0CB05A96C /* Theme.swift */,
			);
			path = Theme;
			sourceTree = "<group>";
		};
		F6DE9B703BCC4E04F8CB016B /* OndaTests */ = {
			isa = PBXGroup;
			children = (
				4F66A85825297F08BFE4CB57 /* ActiveCueTests.swift */,
				FB76E9F921E83B4F3D008312 /* AdWindowTests.swift */,
				F77D28C0C5F51D87AF2C93B1 /* BoostLevelTests.swift */,
				5AC73D73042EFA6EC9C639B5 /* ChapterFetcherTests.swift */,
				01AA17CA2E65778F63487C7A /* DownloadManagerTests.swift */,
				706BE42C701B0693B6E11502 /* DownloadStateTests.swift */,
				A438C9713DECE88526A93F4D /* FeedRefreshServiceTests.swift */,
				AB38DA8A4E82A891E4D93ACD /* ITunesSearchClientTests.swift */,
				CB7D89A90138AEE75E6CA063 /* ModelTests.swift */,
				A2AC269F8B3F5991E1C14136 /* PlaybackManagerTests.swift */,
				A314E30235A9437DD24EB94A /* RSSFeedParserTests.swift */,
				F75263D3463872DF06D72219 /* SilenceDetectorTests.swift */,
				469CC05685CD4AF03D586364 /* SubscriptionServiceTests.swift */,
				F26BA9D1CEE05EAA5CDF381C /* ThemeTests.swift */,
				23FA5F027F92CA348778CADB /* TranscriptParserTests.swift */,
				88DE1D860B7C28D399461926 /* TranscriptSearchTests.swift */,
				097BB2EF5DA616773F62F1C3 /* TranscriptServiceTests.swift */,
				3E2A49E887504F602D626288 /* Fixtures */,
			);
			path = OndaTests;
			sourceTree = "<group>";
		};
/* End PBXGroup section */

/* Begin PBXNativeTarget section */
		63AFADB6FB91A104458E6FB3 /* OndaTests */ = {
			isa = PBXNativeTarget;
			buildConfigurationList = 4F2F5610DE1390A02C133C78 /* Build configuration list for PBXNativeTarget "OndaTests" */;
			buildPhases = (
				C107EC48CC9F38198D6FC82B /* Sources */,
				93FC32A89954DFBA328A8114 /* Resources */,
			);
			buildRules = (
			);
			dependencies = (
				1ADDF229CFE925E4AEBCBF0B /* PBXTargetDependency */,
			);
			name = OndaTests;
			packageProductDependencies = (
			);
			productName = OndaTests;
			productReference = CCED420BAEC9D54A817C10D7 /* OndaTests.xctest */;
			productType = "com.apple.product-type.bundle.unit-test";
		};
		EF10DE9A791D5F09D76BB40D /* Onda */ = {
			isa = PBXNativeTarget;
			buildConfigurationList = B008FA6C8E48CDC7EB7373D3 /* Build configuration list for PBXNativeTarget "Onda" */;
			buildPhases = (
				807097C8E3BD8AF891C9A78B /* Sources */,
			);
			buildRules = (
			);
			dependencies = (
			);
			name = Onda;
			packageProductDependencies = (
			);
			productName = Onda;
			productReference = 3918C3B972CAA4CCA5678FFE /* Onda.app */;
			productType = "com.apple.product-type.application";
		};
/* End PBXNativeTarget section */

/* Begin PBXProject section */
		86139A9B98638067083C045F /* Project object */ = {
			isa = PBXProject;
			attributes = {
				BuildIndependentTargetsInParallel = YES;
				LastUpgradeCheck = 1430;
				TargetAttributes = {
				};
			};
			buildConfigurationList = C9F3CE28C3B34E2403E6EFD0 /* Build configuration list for PBXProject "Onda" */;
			developmentRegion = en;
			hasScannedForEncodings = 0;
			knownRegions = (
				Base,
				en,
			);
			mainGroup = 988A7D34044E561B7D210A13;
			minimizedProjectReferenceProxies = 1;
			preferredProjectObjectVersion = 77;
			productRefGroup = A03170A6E38D8372CEDADE8F /* Products */;
			projectDirPath = "";
			projectRoot = "";
			targets = (
				EF10DE9A791D5F09D76BB40D /* Onda */,
				63AFADB6FB91A104458E6FB3 /* OndaTests */,
			);
		};
/* End PBXProject section */

/* Begin PBXResourcesBuildPhase section */
		93FC32A89954DFBA328A8114 /* Resources */ = {
			isa = PBXResourcesBuildPhase;
			buildActionMask = 2147483647;
			files = (
				A5094C87A231F37D330E5BE4 /* chapters.json in Resources */,
				1E8AB667ED8824B30B554CA9 /* feed_basic.xml in Resources */,
				7DDC912815DCEEC18A0AF8CF /* feed_messy.xml in Resources */,
				515A6963BCF14A81E0C28174 /* itunes_search.json in Resources */,
				2D85CAB8112CDEB1F8DA2C5E /* transcript.srt in Resources */,
				823EE68AB440D457D02413F5 /* transcript.vtt in Resources */,
				2BBF04B5CCE01017EF766B5B /* transcript_pc20.json in Resources */,
			);
			runOnlyForDeploymentPostprocessing = 0;
		};
/* End PBXResourcesBuildPhase section */

/* Begin PBXSourcesBuildPhase section */
		807097C8E3BD8AF891C9A78B /* Sources */ = {
			isa = PBXSourcesBuildPhase;
			buildActionMask = 2147483647;
			files = (
				28497CC078C08533CF32F0BD /* ActiveCue.swift in Sources */,
				F339BE46425621A1A28C19E7 /* AdWindow.swift in Sources */,
				1AF0D83674AD7053FD7645B7 /* ArtworkView.swift in Sources */,
				A88A2927E10B55F59D1EBE1A /* AudioTap.swift in Sources */,
				83FD313D2C17026BAE890110 /* AudioTranscribing.swift in Sources */,
				BDDE61D7C5F26A0326671EE6 /* BoostLevel.swift in Sources */,
				27584798B97AA15CE864F386 /* BrutalStyle.swift in Sources */,
				E10FE48367E1073EB58FC0D9 /* Chapter.swift in Sources */,
				30C1A58FEB8B7BF7EA77947D /* ChapterFetcher.swift in Sources */,
				BEFEE44A6A7727F4F9C86D5E /* DiscoverView.swift in Sources */,
				722AF450B80687A094B08684 /* DownloadManager.swift in Sources */,
				3905F44B0C6212DB3D4BFD95 /* DownloadState.swift in Sources */,
				3372A46B0B026B1B9D03CF76 /* DownloadedFile.swift in Sources */,
				6185652FB9787D113E01ECEF /* DownloadsStorageView.swift in Sources */,
				80B349B3C8D9F8D4B1EB2735 /* Episode.swift in Sources */,
				1E685B05282CE25807E43C13 /* EpisodeListView.swift in Sources */,
				5696B33BCF9054FA4C4AFA68 /* EpisodeRow.swift in Sources */,
				8069B53EAE437591EAA39CB6 /* FeedFetching.swift in Sources */,
				C8B4B77568FBA30D2A026F1C /* FeedRefreshService.swift in Sources */,
				BA5A213ABE3A407DB6C4B4E8 /* ITunesSearchClient.swift in Sources */,
				79124B9489A4D77E1F6D7025 /* ITunesSearchClientBox.swift in Sources */,
				00CCB3C9EC4EF568C89F1E15 /* LibraryView.swift in Sources */,
				7BEAC7BA90BBA4D79BF4E562 /* MiniPlayerView.swift in Sources */,
				0EF858DBCF0C958D90B463D7 /* ModelSchema.swift in Sources */,
				C8862665D462667A35E17445 /* NowPlayingCenter.swift in Sources */,
				391593E2D7A4313CEBBC4D20 /* NowPlayingView.swift in Sources */,
				704D55B56F96BA2997EBAA9C /* OndaApp.swift in Sources */,
				9984B175F6497AFC38E0BF2F /* Palette.swift in Sources */,
				652E023072D240017728BB95 /* ParsedCue.swift in Sources */,
				5F9E4B1672A20B9E3081BDE5 /* PersistenceActor.swift in Sources */,
				50F2A63B66880427543240D1 /* PlaybackManager.swift in Sources */,
				AC8BFE08CC7BB14BB4BCEF06 /* PlayerEngine.swift in Sources */,
				99DBAB55F788DBE13FE89810 /* Podcast.swift in Sources */,
				AF097E07975F74F4EA8226D5 /* ProfileView.swift in Sources */,
				9593E05ACDBDF1828267053F /* QueueItem.swift in Sources */,
				4E84B4456ABA3BD4CA4FAC24 /* QueueView.swift in Sources */,
				029DFFBB6A70763A48064350 /* RSSFeedParser.swift in Sources */,
				9564DB2BBF45807965A37B62 /* RootView.swift in Sources */,
				F8112CCD4BFC192E00FC7B69 /* SegmentedRow.swift in Sources */,
				78C50A91BD56CB1F74763998 /* ShowCard.swift in Sources */,
				C4C5120BA3D15BB3B79D6421 /* ShowSettings.swift in Sources */,
				134B411898C677C4F030743D /* ShowSettingsSheet.swift in Sources */,
				67C5E5BABD29BF4D05855F20 /* SilenceDetector.swift in Sources */,
				9C5DAB9D2100554F4F0465D8 /* SleepTimerMenu.swift in Sources */,
				1C9E9551E5DC0567C6748E0E /* SubscriptionService.swift in Sources */,
				AFCEA49459314178CF2BD336 /* Theme.swift in Sources */,
				F8BF36096CD22B461C04864C /* Transcript.swift in Sources */,
				C5B9BB30AD005353CA028293 /* TranscriptParser.swift in Sources */,
				280C6D9DB18FE8750A416F70 /* TranscriptSearch.swift in Sources */,
				1E538B298E30CE4E89A8033C /* TranscriptService.swift in Sources */,
				EBF3D546A8A34C903BA08430 /* TrendingRow.swift in Sources */,
			);
			runOnlyForDeploymentPostprocessing = 0;
		};
		C107EC48CC9F38198D6FC82B /* Sources */ = {
			isa = PBXSourcesBuildPhase;
			buildActionMask = 2147483647;
			files = (
				CB8C8558D840BEEF8924E26C /* ActiveCueTests.swift in Sources */,
				B76FE3AFC6105791CB1F8EE7 /* AdWindowTests.swift in Sources */,
				7F1D62A752FED725ABAA8DC3 /* BoostLevelTests.swift in Sources */,
				398589EBC0C1BEA39A1F315D /* ChapterFetcherTests.swift in Sources */,
				51051ACFD355B9FDDBC285ED /* DownloadManagerTests.swift in Sources */,
				944A32C1C59CBBF030DF1EA6 /* DownloadStateTests.swift in Sources */,
				6F663B2EBE40D001D9C4CD7A /* FeedRefreshServiceTests.swift in Sources */,
				C72934F09B99AF20E74BB6F6 /* ITunesSearchClientTests.swift in Sources */,
				7A6EAA5D11DC0D5777865B37 /* ModelTests.swift in Sources */,
				FE6348117ECF5D6A5DC58060 /* PlaybackManagerTests.swift in Sources */,
				B8A8966E10D6A300EDCD78B3 /* RSSFeedParserTests.swift in Sources */,
				8F4AD92E7C308E36054E4466 /* SilenceDetectorTests.swift in Sources */,
				9518DC32144DA86BF1115FCF /* SubscriptionServiceTests.swift in Sources */,
				A7BCE3FD3DFB5A83D604DA82 /* ThemeTests.swift in Sources */,
				07D5638371C4F282BED2F0B2 /* TranscriptParserTests.swift in Sources */,
				BA80B4F0B1027B8ED127FFBB /* TranscriptSearchTests.swift in Sources */,
				DEA8723A9918A53DD241B8DE /* TranscriptServiceTests.swift in Sources */,
			);
			runOnlyForDeploymentPostprocessing = 0;
		};
/* End PBXSourcesBuildPhase section */

/* Begin PBXTargetDependency section */
		1ADDF229CFE925E4AEBCBF0B /* PBXTargetDependency */ = {
			isa = PBXTargetDependency;
			target = EF10DE9A791D5F09D76BB40D /* Onda */;
			targetProxy = EAFA81C4FB27498B32384075 /* PBXContainerItemProxy */;
		};
/* End PBXTargetDependency section */

/* Begin XCBuildConfiguration section */
		189045D0BF274ACC6A00DF01 /* Release */ = {
			isa = XCBuildConfiguration;
			buildSettings = {
				ASSETCATALOG_COMPILER_APPICON_NAME = AppIcon;
				CODE_SIGN_IDENTITY = "iPhone Developer";
				INFOPLIST_KEY_BGTaskSchedulerPermittedIdentifiers = com.onda.refresh;
				INFOPLIST_KEY_CFBundleDisplayName = Onda;
				INFOPLIST_KEY_NSSpeechRecognitionUsageDescription = "Onda transcribes downloaded episodes on your device so you can read and search them.";
				LD_RUNPATH_SEARCH_PATHS = (
					"$(inherited)",
					"@executable_path/Frameworks",
				);
				PRODUCT_BUNDLE_IDENTIFIER = com.onda.Onda;
				SDKROOT = iphoneos;
				TARGETED_DEVICE_FAMILY = "1,2";
			};
			name = Release;
		};
		56802B77DD45CB72DE2995D0 /* Release */ = {
			isa = XCBuildConfiguration;
			buildSettings = {
				BUNDLE_LOADER = "$(TEST_HOST)";
				LD_RUNPATH_SEARCH_PATHS = (
					"$(inherited)",
					"@executable_path/Frameworks",
					"@loader_path/Frameworks",
				);
				PRODUCT_BUNDLE_IDENTIFIER = com.onda.OndaTests;
				SDKROOT = iphoneos;
				TARGETED_DEVICE_FAMILY = "1,2";
				TEST_HOST = "$(BUILT_PRODUCTS_DIR)/Onda.app/Onda";
			};
			name = Release;
		};
		77F79C97B89164D616DAC34B /* Debug */ = {
			isa = XCBuildConfiguration;
			buildSettings = {
				ALWAYS_SEARCH_USER_PATHS = NO;
				CLANG_ANALYZER_NONNULL = YES;
				CLANG_ANALYZER_NUMBER_OBJECT_CONVERSION = YES_AGGRESSIVE;
				CLANG_CXX_LANGUAGE_STANDARD = "gnu++14";
				CLANG_CXX_LIBRARY = "libc++";
				CLANG_ENABLE_MODULES = YES;
				CLANG_ENABLE_OBJC_ARC = YES;
				CLANG_ENABLE_OBJC_WEAK = YES;
				CLANG_WARN_BLOCK_CAPTURE_AUTORELEASING = YES;
				CLANG_WARN_BOOL_CONVERSION = YES;
				CLANG_WARN_COMMA = YES;
				CLANG_WARN_CONSTANT_CONVERSION = YES;
				CLANG_WARN_DEPRECATED_OBJC_IMPLEMENTATIONS = YES;
				CLANG_WARN_DIRECT_OBJC_ISA_USAGE = YES_ERROR;
				CLANG_WARN_DOCUMENTATION_COMMENTS = YES;
				CLANG_WARN_EMPTY_BODY = YES;
				CLANG_WARN_ENUM_CONVERSION = YES;
				CLANG_WARN_INFINITE_RECURSION = YES;
				CLANG_WARN_INT_CONVERSION = YES;
				CLANG_WARN_NON_LITERAL_NULL_CONVERSION = YES;
				CLANG_WARN_OBJC_IMPLICIT_RETAIN_SELF = YES;
				CLANG_WARN_OBJC_LITERAL_CONVERSION = YES;
				CLANG_WARN_OBJC_ROOT_CLASS = YES_ERROR;
				CLANG_WARN_QUOTED_INCLUDE_IN_FRAMEWORK_HEADER = YES;
				CLANG_WARN_RANGE_LOOP_ANALYSIS = YES;
				CLANG_WARN_STRICT_PROTOTYPES = YES;
				CLANG_WARN_SUSPICIOUS_MOVE = YES;
				CLANG_WARN_UNGUARDED_AVAILABILITY = YES_AGGRESSIVE;
				CLANG_WARN_UNREACHABLE_CODE = YES;
				CLANG_WARN__DUPLICATE_METHOD_MATCH = YES;
				COPY_PHASE_STRIP = NO;
				CURRENT_PROJECT_VERSION = 1;
				DEBUG_INFORMATION_FORMAT = dwarf;
				ENABLE_STRICT_OBJC_MSGSEND = YES;
				ENABLE_TESTABILITY = YES;
				GCC_C_LANGUAGE_STANDARD = gnu11;
				GCC_DYNAMIC_NO_PIC = NO;
				GCC_NO_COMMON_BLOCKS = YES;
				GCC_OPTIMIZATION_LEVEL = 0;
				GCC_PREPROCESSOR_DEFINITIONS = (
					"$(inherited)",
					"DEBUG=1",
				);
				GCC_WARN_64_TO_32_BIT_CONVERSION = YES;
				GCC_WARN_ABOUT_RETURN_TYPE = YES_ERROR;
				GCC_WARN_UNDECLARED_SELECTOR = YES;
				GCC_WARN_UNINITIALIZED_AUTOS = YES_AGGRESSIVE;
				GCC_WARN_UNUSED_FUNCTION = YES;
				GCC_WARN_UNUSED_VARIABLE = YES;
				GENERATE_INFOPLIST_FILE = YES;
				INFOPLIST_KEY_UIBackgroundModes = audio;
				INFOPLIST_KEY_UILaunchScreen_Generation = YES;
				IPHONEOS_DEPLOYMENT_TARGET = 17.0;
				MARKETING_VERSION = 0.1.0;
				MTL_ENABLE_DEBUG_INFO = INCLUDE_SOURCE;
				MTL_FAST_MATH = YES;
				ONLY_ACTIVE_ARCH = YES;
				PRODUCT_NAME = "$(TARGET_NAME)";
				SDKROOT = iphoneos;
				SWIFT_ACTIVE_COMPILATION_CONDITIONS = DEBUG;
				SWIFT_OPTIMIZATION_LEVEL = "-Onone";
				SWIFT_VERSION = 6.0;
			};
			name = Debug;
		};
		BA5E86135CDD11982EFB09A1 /* Debug */ = {
			isa = XCBuildConfiguration;
			buildSettings = {
				BUNDLE_LOADER = "$(TEST_HOST)";
				LD_RUNPATH_SEARCH_PATHS = (
					"$(inherited)",
					"@executable_path/Frameworks",
					"@loader_path/Frameworks",
				);
				PRODUCT_BUNDLE_IDENTIFIER = com.onda.OndaTests;
				SDKROOT = iphoneos;
				TARGETED_DEVICE_FAMILY = "1,2";
				TEST_HOST = "$(BUILT_PRODUCTS_DIR)/Onda.app/Onda";
			};
			name = Debug;
		};
		E0CE3F743360F5353C266483 /* Debug */ = {
			isa = XCBuildConfiguration;
			buildSettings = {
				ASSETCATALOG_COMPILER_APPICON_NAME = AppIcon;
				CODE_SIGN_IDENTITY = "iPhone Developer";
				INFOPLIST_KEY_BGTaskSchedulerPermittedIdentifiers = com.onda.refresh;
				INFOPLIST_KEY_CFBundleDisplayName = Onda;
				INFOPLIST_KEY_NSSpeechRecognitionUsageDescription = "Onda transcribes downloaded episodes on your device so you can read and search them.";
				LD_RUNPATH_SEARCH_PATHS = (
					"$(inherited)",
					"@executable_path/Frameworks",
				);
				PRODUCT_BUNDLE_IDENTIFIER = com.onda.Onda;
				SDKROOT = iphoneos;
				TARGETED_DEVICE_FAMILY = "1,2";
			};
			name = Debug;
		};
		ED660F7941DEB7DCC7500FDC /* Release */ = {
			isa = XCBuildConfiguration;
			buildSettings = {
				ALWAYS_SEARCH_USER_PATHS = NO;
				CLANG_ANALYZER_NONNULL = YES;
				CLANG_ANALYZER_NUMBER_OBJECT_CONVERSION = YES_AGGRESSIVE;
				CLANG_CXX_LANGUAGE_STANDARD = "gnu++14";
				CLANG_CXX_LIBRARY = "libc++";
				CLANG_ENABLE_MODULES = YES;
				CLANG_ENABLE_OBJC_ARC = YES;
				CLANG_ENABLE_OBJC_WEAK = YES;
				CLANG_WARN_BLOCK_CAPTURE_AUTORELEASING = YES;
				CLANG_WARN_BOOL_CONVERSION = YES;
				CLANG_WARN_COMMA = YES;
				CLANG_WARN_CONSTANT_CONVERSION = YES;
				CLANG_WARN_DEPRECATED_OBJC_IMPLEMENTATIONS = YES;
				CLANG_WARN_DIRECT_OBJC_ISA_USAGE = YES_ERROR;
				CLANG_WARN_DOCUMENTATION_COMMENTS = YES;
				CLANG_WARN_EMPTY_BODY = YES;
				CLANG_WARN_ENUM_CONVERSION = YES;
				CLANG_WARN_INFINITE_RECURSION = YES;
				CLANG_WARN_INT_CONVERSION = YES;
				CLANG_WARN_NON_LITERAL_NULL_CONVERSION = YES;
				CLANG_WARN_OBJC_IMPLICIT_RETAIN_SELF = YES;
				CLANG_WARN_OBJC_LITERAL_CONVERSION = YES;
				CLANG_WARN_OBJC_ROOT_CLASS = YES_ERROR;
				CLANG_WARN_QUOTED_INCLUDE_IN_FRAMEWORK_HEADER = YES;
				CLANG_WARN_RANGE_LOOP_ANALYSIS = YES;
				CLANG_WARN_STRICT_PROTOTYPES = YES;
				CLANG_WARN_SUSPICIOUS_MOVE = YES;
				CLANG_WARN_UNGUARDED_AVAILABILITY = YES_AGGRESSIVE;
				CLANG_WARN_UNREACHABLE_CODE = YES;
				CLANG_WARN__DUPLICATE_METHOD_MATCH = YES;
				COPY_PHASE_STRIP = NO;
				CURRENT_PROJECT_VERSION = 1;
				DEBUG_INFORMATION_FORMAT = "dwarf-with-dsym";
				ENABLE_NS_ASSERTIONS = NO;
				ENABLE_STRICT_OBJC_MSGSEND = YES;
				GCC_C_LANGUAGE_STANDARD = gnu11;
				GCC_NO_COMMON_BLOCKS = YES;
				GCC_WARN_64_TO_32_BIT_CONVERSION = YES;
				GCC_WARN_ABOUT_RETURN_TYPE = YES_ERROR;
				GCC_WARN_UNDECLARED_SELECTOR = YES;
				GCC_WARN_UNINITIALIZED_AUTOS = YES_AGGRESSIVE;
				GCC_WARN_UNUSED_FUNCTION = YES;
				GCC_WARN_UNUSED_VARIABLE = YES;
				GENERATE_INFOPLIST_FILE = YES;
				INFOPLIST_KEY_UIBackgroundModes = audio;
				INFOPLIST_KEY_UILaunchScreen_Generation = YES;
				IPHONEOS_DEPLOYMENT_TARGET = 17.0;
				MARKETING_VERSION = 0.1.0;
				MTL_ENABLE_DEBUG_INFO = NO;
				MTL_FAST_MATH = YES;
				PRODUCT_NAME = "$(TARGET_NAME)";
				SDKROOT = iphoneos;
				SWIFT_COMPILATION_MODE = wholemodule;
				SWIFT_OPTIMIZATION_LEVEL = "-O";
				SWIFT_VERSION = 6.0;
			};
			name = Release;
		};
/* End XCBuildConfiguration section */

/* Begin XCConfigurationList section */
		4F2F5610DE1390A02C133C78 /* Build configuration list for PBXNativeTarget "OndaTests" */ = {
			isa = XCConfigurationList;
			buildConfigurations = (
				BA5E86135CDD11982EFB09A1 /* Debug */,
				56802B77DD45CB72DE2995D0 /* Release */,
			);
			defaultConfigurationIsVisible = 0;
			defaultConfigurationName = Debug;
		};
		B008FA6C8E48CDC7EB7373D3 /* Build configuration list for PBXNativeTarget "Onda" */ = {
			isa = XCConfigurationList;
			buildConfigurations = (
				E0CE3F743360F5353C266483 /* Debug */,
				189045D0BF274ACC6A00DF01 /* Release */,
			);
			defaultConfigurationIsVisible = 0;
			defaultConfigurationName = Debug;
		};
		C9F3CE28C3B34E2403E6EFD0 /* Build configuration list for PBXProject "Onda" */ = {
			isa = XCConfigurationList;
			buildConfigurations = (
				77F79C97B89164D616DAC34B /* Debug */,
				ED660F7941DEB7DCC7500FDC /* Release */,
			);
			defaultConfigurationIsVisible = 0;
			defaultConfigurationName = Debug;
		};
/* End XCConfigurationList section */
	};
	rootObject = 86139A9B98638067083C045F /* Project object */;
}
